
Microsoft Visual Studio Solution File, Format Version 12.00
# Visual Studio Version 17
VisualStudioVersion = 17.14.36518.9 d17.14
MinimumVisualStudioVersion = 10.0.40219.1
Project("{8BC9CEB8-8B4A-11D0-8D11-00A0C91BC942}") = "DarkPlayer", "DarkPlayer.vcxproj", "{EF4B40E0-ACC9-402C-8B26-2A4ABB49298A}"
EndProject
Global
	GlobalSection(SolutionConfigurationPlatforms) = preSolution
		Debug|x64 = Debug|x64
		Debug|x86 = Debug|x86
		Release|x64 = Release|x64
		Release|x86 = Release|x86
	EndGlobalSection
	GlobalSection(ProjectConfigurationPlatforms) = postSolution
		{EF4B40E0-ACC9-402C-8B26-2A4ABB49298A}.Debug|x64.ActiveCfg = Debug|x64
		{EF4B40E0-ACC9-402C-8B26-2A4ABB49298A}.Debug|x64.Build.0 = Debug|x64
		{EF4B40E0-ACC9-402C-8B26-2A4ABB49298A}.Debug|x86.ActiveCfg = Debug|Win32
		{EF4B40E0-ACC9-402C-8B26-2A4ABB49298A}.Debug|x86.Build.0 = Debug|Win32
		{EF4B40E0-ACC9-402C-8B26-2A4ABB49298A}.Release|x64.ActiveCfg = Release|x64
		{EF4B40E0-ACC9-402C-8B26-2A4ABB49298A}.Release|x64.Build.0 = Release|x64
		{EF4B40E0-ACC9-402C-8B26-2A4ABB49298A}.Release|x86.ActiveCfg = Release|Win32
		{EF4B40E0-ACC9-402C-8B26-2A4ABB49298A}.Release|x86.Build.0 = Release|Win32
	EndGlobalSection
	GlobalSection(SolutionProperties) = preSolution
		HideSolutionNode = FALSE
	EndGlobalSection
	GlobalSection(ExtensibilityGlobals) = postSolution
		SolutionGuid = {F2026CC6-1604-4F1B-B0D2-6214F05FE43B}
	EndGlobalSection
EndGlobal
